
Microsoft Visual Studio Solution File, Format Version 12.00
# Visual Studio Version 16
VisualStudioVersion = 16.0.30104.148
MinimumVisualStudioVersion = 10.0.40219.1
Project("{9A19103F-16F7-4668-BE54-9A1E7A4F7556}") = "ServerStarter.Server", "ServerStarter\Server\ServerStarter.Server.csproj", "{0BEBB4F7-869C-46A6-AD72-CDDC82A477EB}"
EndProject
Project("{9A19103F-16F7-4668-BE54-9A1E7A4F7556}") = "ServerStarter.Client", "ServerStarter\Client\ServerStarter.Client.csproj", "{77E0FDB2-D03E-44F4-A483-A8C4CC06BD7C}"
EndProject
Project("{9A19103F-16F7-4668-BE54-9A1E7A4F7556}") = "ServerStarter.Shared", "ServerStarter\Shared\ServerStarter.Shared.csproj", "{4F8A1397-4A67-4745-8B6D-AE24B20DFD2E}"
EndProject
Project("{9A19103F-16F7-4668-BE54-9A1E7A4F7556}") = "Zarlo.Stats", "Zarlo.Stats\Zarlo.Stats.csproj", "{3C6F63E2-96FE-4BE4-9EDF-3037096E30C2}"
EndProject
Project("{9A19103F-16F7-4668-BE54-9A1E7A4F7556}") = "Zarlo.Stats.DummyApi", "Zarlo.Stats.DummyApi\Zarlo.Stats.DummyApi.csproj", "{970A1D57-4332-438B-903F-806924F4A191}"
EndProject
Project("{9A19103F-16F7-4668-BE54-9A1E7A4F7556}") = "ServerStarter.Server.Tests", "ServerStarter.Server.Tests\ServerStarter.Server.Tests.csproj", "{D8F2C9AB-8292-49D5-9637-2BE542A77F17}"
EndProject
Global
	GlobalSection(SolutionConfigurationPlatforms) = preSolution
		Debug|Any CPU = Debug|Any CPU
		Release|Any CPU = Release|Any CPU
	EndGlobalSection
	GlobalSection(ProjectConfigurationPlatforms) = postSolution
		{0BEBB4F7-869C-46A6-AD72-CDDC82A477EB}.Debug|Any CPU.ActiveCfg = Debug|Any CPU
		{0BEBB4F7-869C-46A6-AD72-CDDC82A477EB}.Debug|Any CPU.Build.0 = Debug|Any CPU
		{0BEBB4F7-869C-46A6-AD72-CDDC82A477EB}.Release|Any CPU.ActiveCfg = Release|Any CPU
		{0BEBB4F7-869C-46A6-AD72-CDDC82A477EB}.Release|Any CPU.Build.0 = Release|Any CPU
		{77E0FDB2-D03E-44F4-A483-A8C4CC06BD7C}.Debug|Any CPU.ActiveCfg = Debug|Any CPU
		{77E0FDB2-D03E-44F4-A483-A8C4CC06BD7C}.Debug|Any CPU.Build.0 = Debug|Any CPU
		{77E0FDB2-D03E-44F4-A483-A8C4CC06BD7C}.Release|Any CPU.ActiveCfg = Release|Any CPU
		{77E0FDB2-D03E-44F4-A483-A8C4CC06BD7C}.Release|Any CPU.Build.0 = Release|Any CPU
		{4F8A1397-4A67-4745-8B6D-AE24B20DFD2E}.Debug|Any CPU.ActiveCfg = Debug|Any CPU
		{4F8A1397-4A67-4745-8B6D-AE24B20DFD2E}.Debug|Any CPU.Build.0 = Debug|Any CPU
		{4F8A1397-4A67-4745-8B6D-AE24B20DFD2E}.Release|Any CPU.ActiveCfg = Release|Any CPU
		{4F8A1397-4A67-4745-8B6D-AE24B20DFD2E}.Release|Any CPU.Build.0 = Release|Any CPU
		{3C6F63E2-96FE-4BE4-9EDF-3037096E30C2}.Debug|Any CPU.ActiveCfg = Debug|Any CPU
		{3C6F63E2-96FE-4BE4-9EDF-3037096E30C2}.Debug|Any CPU.Build.0 = Debug|Any CPU
		{3C6F63E2-96FE-4BE4-9EDF-3037096E30C2}.Release|Any CPU.ActiveCfg = Release|Any CPU
		{3C6F63E2-96FE-4BE4-9EDF-3037096E30C2}.Release|Any CPU.Build.0 = Release|Any CPU
		{970A1D57-4332-438B-903F-806924F4A191}.Debug|Any CPU.ActiveCfg = Debug|Any CPU
		{970A1D57-4332-438B-903F-806924F4A191}.Debug|Any CPU.Build.0 = Debug|Any CPU
		{970A1D57-4332-438B-903F-806924F4A191}.Release|Any CPU.ActiveCfg = Release|Any CPU
		{970A1D57-4332-438B-903F-806924F4A191}.Release|Any CPU.Build.0 = Release|Any CPU
		{D8F2C9AB-8292-49D5-9637-2BE542A77F17}.Debug|Any CPU.ActiveCfg = Debug|Any CPU
		{D8F2C9AB-8292-49D5-9637-2BE542A77F17}.Debug|Any CPU.Build.0 = Debug|Any CPU
		{D8F2C9AB-8292-49D5-9637-2BE542A77F17}.Release|Any CPU.ActiveCfg = Release|Any CPU
		{D8F2C9AB-8292-49D5-9637-2BE542A77F17}.Release|Any CPU.Build.0 = Release|Any CPU
	EndGlobalSection
	GlobalSection(SolutionProperties) = preSolution
		HideSolutionNode = FALSE
	EndGlobalSection
	GlobalSection(ExtensibilityGlobals) = postSolution
		SolutionGuid = {A12953A9-BF71-4882-8EAF-84863B37F0DB}
	EndGlobalSection
EndGlobal
